PODS:
  - flutter_screen_capture (0.0.1):
    - FlutterMacOS
  - FlutterMacOS (1.0.0)
  - screen_retriever_macos (0.0.1):
    - FlutterMacOS

DEPENDENCIES:
  - flutter_screen_capture (from `Flutter/ephemeral/.symlinks/plugins/flutter_screen_capture/macos`)
  - FlutterMacOS (from `Flutter/ephemeral`)
  - screen_retriever_macos (from `Flutter/ephemeral/.symlinks/plugins/screen_retriever_macos/macos`)

EXTERNAL SOURCES:
  flutter_screen_capture:
    :path: Flutter/ephemeral/.symlinks/plugins/flutter_screen_capture/macos
  FlutterMacOS:
    :path: Flutter/ephemeral
  screen_retriever_macos:
    :path: Flutter/ephemeral/.symlinks/plugins/screen_retriever_macos/macos

SPEC CHECKSUMS:
  flutter_screen_capture: cc0f1c99c1e984e1a91df15c13a3ffac53d80288
  FlutterMacOS: 8f6f14fa908a6fb3fba0cd85dbd81ec4b251fb24
  screen_retriever_macos: 776e0fa5d42c6163d2bf772d22478df4b302b161

PODFILE CHECKSUM: 353c8bcc5d5b0994e508d035b5431cfe18c1dea7

COCOAPODS: 1.13.0
